
Microsoft Visual Studio Solution File, Format Version 12.00
# Visual Studio Version 16
VisualStudioVersion = 16.0.808.5
MinimumVisualStudioVersion = 10.0.40219.1
Project("{FAE04EC0-301F-11D3-BF4B-00C04F79EFBC}") = "BlockChainExample2", "BlockChainExample2\BlockChainExample2.csproj", "{F2E74B28-E040-457A-B5F4-96DB7E512582}"
EndProject
Project("{FAE04EC0-301F-11D3-BF4B-00C04F79EFBC}") = "Entities", "Entities\Entities.csproj", "{62784C97-3174-433D-8612-5CE2134C8D0E}"
EndProject
Global
	GlobalSection(SolutionConfigurationPlatforms) = preSolution
		Debug|Any CPU = Debug|Any CPU
		Release|Any CPU = Release|Any CPU
	EndGlobalSection
	GlobalSection(ProjectConfigurationPlatforms) = postSolution
		{F2E74B28-E040-457A-B5F4-96DB7E512582}.Debug|Any CPU.ActiveCfg = Debug|Any CPU
		{F2E74B28-E040-457A-B5F4-96DB7E512582}.Debug|Any CPU.Build.0 = Debug|Any CPU
		{F2E74B28-E040-457A-B5F4-96DB7E512582}.Release|Any CPU.ActiveCfg = Release|Any CPU
		{F2E74B28-E040-457A-B5F4-96DB7E512582}.Release|Any CPU.Build.0 = Release|Any CPU
		{62784C97-3174-433D-8612-5CE2134C8D0E}.Debug|Any CPU.ActiveCfg = Debug|Any CPU
		{62784C97-3174-433D-8612-5CE2134C8D0E}.Debug|Any CPU.Build.0 = Debug|Any CPU
		{62784C97-3174-433D-8612-5CE2134C8D0E}.Release|Any CPU.ActiveCfg = Release|Any CPU
		{62784C97-3174-433D-8612-5CE2134C8D0E}.Release|Any CPU.Build.0 = Release|Any CPU
	EndGlobalSection
	GlobalSection(SolutionProperties) = preSolution
		HideSolutionNode = FALSE
	EndGlobalSection
	GlobalSection(ExtensibilityGlobals) = postSolution
		SolutionGuid = {6787FA10-B260-49B1-B7BD-72F15A8128EF}
	EndGlobalSection
EndGlobal
